
Microsoft Visual Studio Solution File, Format Version 12.00
# Visual Studio Version 16
VisualStudioVersion = 16.0.31515.178
MinimumVisualStudioVersion = 10.0.40219.1
Project("{FAE04EC0-301F-11D3-BF4B-00C04F79EFBC}") = "Dive", "Dive.csproj", "{474D04DA-A9A2-478A-8E38-480565B0FA9E}"
EndProject
Global
	GlobalSection(SolutionConfigurationPlatforms) = preSolution
		Debug|Any CPU = Debug|Any CPU
		Release|Any CPU = Release|Any CPU
	EndGlobalSection
	GlobalSection(ProjectConfigurationPlatforms) = postSolution
		{474D04DA-A9A2-478A-8E38-480565B0FA9E}.Debug|Any CPU.ActiveCfg = Debug|Any CPU
		{474D04DA-A9A2-478A-8E38-480565B0FA9E}.Debug|Any CPU.Build.0 = Debug|Any CPU
		{474D04DA-A9A2-478A-8E38-480565B0FA9E}.Release|Any CPU.ActiveCfg = Release|Any CPU
		{474D04DA-A9A2-478A-8E38-480565B0FA9E}.Release|Any CPU.Build.0 = Release|Any CPU
	EndGlobalSection
	GlobalSection(SolutionProperties) = preSolution
		HideSolutionNode = FALSE
	EndGlobalSection
	GlobalSection(ExtensibilityGlobals) = postSolution
		SolutionGuid = {0A9B0284-382A-4A9E-8A3F-91F0E3C4851C}
	EndGlobalSection
EndGlobal
